
Microsoft Visual Studio Solution File, Format Version 12.00
# Visual Studio 2013
VisualStudioVersion = 12.0.40629.0
MinimumVisualStudioVersion = 10.0.40219.1
Project("{FAE04EC0-301F-11D3-BF4B-00C04F79EFBC}") = "TestServer", "TestServer\TestServer.csproj", "{31AA3ECA-763A-429D-933E-B52B1BBAB7A1}"
EndProject
Project("{FAE04EC0-301F-11D3-BF4B-00C04F79EFBC}") = "OwinFramework.RouteVisualizer.Net45", "OwinFramework.RouteVisualizer\OwinFramework.RouteVisualizer.Net45.csproj", "{83474FEB-8DEC-49F1-BB40-833A7DD81932}"
EndProject
Project("{2150E333-8FDC-42A3-9474-1A3956D46DE8}") = "Solution Items", "Solution Items", "{7E4DEB16-BBB8-46A5-84BC-FCAED244E99D}"
	ProjectSection(SolutionItems) = preProject
		NuGet\Owin.Framework.AnalysisReporter.nuspec = NuGet\Owin.Framework.AnalysisReporter.nuspec
		NuGet\Owin.Framework.Dart.nuspec = NuGet\Owin.Framework.Dart.nuspec
		NuGet\Owin.Framework.DefaultDocument.nuspec = NuGet\Owin.Framework.DefaultDocument.nuspec
		NuGet\Owin.Framework.Documenter.nuspec = NuGet\Owin.Framework.Documenter.nuspec
		NuGet\Owin.Framework.ExceptionReporter.nuspec = NuGet\Owin.Framework.ExceptionReporter.nuspec
		NuGet\Owin.Framework.FormIdentification.nuspec = NuGet\Owin.Framework.FormIdentification.nuspec
		NuGet\Owin.Framework.Less.nuspec = NuGet\Owin.Framework.Less.nuspec
		NuGet\Owin.Framework.NotFound.nuspec = NuGet\Owin.Framework.NotFound.nuspec
		NuGet\Owin.Framework.OutputCache.nuspec = NuGet\Owin.Framework.OutputCache.nuspec
		NuGet\Owin.Framework.RouteVisualizer.nuspec = NuGet\Owin.Framework.RouteVisualizer.nuspec
		NuGet\Owin.Framework.Session.nuspec = NuGet\Owin.Framework.Session.nuspec
		NuGet\Owin.Framework.StaticFiles.nuspec = NuGet\Owin.Framework.StaticFiles.nuspec
		NuGet\Owin.Framework.Versioning.nuspec = NuGet\Owin.Framework.Versioning.nuspec
		NuGet\Package.cmd = NuGet\Package.cmd
		readme.md = readme.md
		todo.md = todo.md
	EndProjectSection
EndProject
Project("{FAE04EC0-301F-11D3-BF4B-00C04F79EFBC}") = "OwinFramework.AnalysisReporter.Net45", "OwinFramework.AnalysisReporter\OwinFramework.AnalysisReporter.Net45.csproj", "{BB10F37C-A3B3-4901-852F-64915BC12A61}"
EndProject
Project("{FAE04EC0-301F-11D3-BF4B-00C04F79EFBC}") = "OwinFramework.Documenter.Net45", "OwinFramework.Documenter\OwinFramework.Documenter.Net45.csproj", "{D50BA415-30F5-40AF-824E-93386F85765D}"
EndProject
Project("{FAE04EC0-301F-11D3-BF4B-00C04F79EFBC}") = "OwinFramework.ExceptionReporter.Net45", "OwinFramework.ExceptionReporter\OwinFramework.ExceptionReporter.Net45.csproj", "{D0D8971B-E05E-4206-9D36-612CD201ABE9}"
EndProject
Project("{FAE04EC0-301F-11D3-BF4B-00C04F79EFBC}") = "OwinFramework.StaticFiles.Net45", "OwinFramework.StaticFiles\OwinFramework.StaticFiles.Net45.csproj", "{5868E1EE-3827-4C66-A267-9B8F69A7D471}"
EndProject
Project("{FAE04EC0-301F-11D3-BF4B-00C04F79EFBC}") = "OwinFramework.DefaultDocument.Net45", "OwinFramework.DefaultDocument\OwinFramework.DefaultDocument.Net45.csproj", "{7AEBA527-28B2-4081-BEF5-32C98316CC90}"
EndProject
Project("{FAE04EC0-301F-11D3-BF4B-00C04F79EFBC}") = "OwinFramework.NotFound.Net45", "OwinFramework.NotFound\OwinFramework.NotFound.Net45.csproj", "{E00F670D-3AE1-41F2-BDFE-98F42FEE537E}"
EndProject
Project("{FAE04EC0-301F-11D3-BF4B-00C04F79EFBC}") = "OwinFramework.Less.Net45", "OwinFramework.Less\OwinFramework.Less.Net45.csproj", "{D7C1CBD8-ADD7-463A-894F-00521EF173E3}"
EndProject
Project("{FAE04EC0-301F-11D3-BF4B-00C04F79EFBC}") = "OwinFramework.Dart.Net45", "OwinFramework.Dart\OwinFramework.Dart.Net45.csproj", "{DFEE722D-6370-40BC-AD4A-821B842B293B}"
EndProject
Project("{FAE04EC0-301F-11D3-BF4B-00C04F79EFBC}") = "OwinFramework.OutputCache.Net45", "OwinFramework.OutputCache\OwinFramework.OutputCache.Net45.csproj", "{48816586-71BB-4BB8-80ED-16839A6B4715}"
EndProject
Project("{FAE04EC0-301F-11D3-BF4B-00C04F79EFBC}") = "OwinFramework.Versioning.Net45", "OwinFramework.Versioning\OwinFramework.Versioning.Net45.csproj", "{EA12D4BB-722E-489C-B5E5-30A7D17E8ACC}"
EndProject
Project("{FAE04EC0-301F-11D3-BF4B-00C04F79EFBC}") = "OwinFramework.FormIdentification.Net45", "OwinFramework.FormIdentification\OwinFramework.FormIdentification.Net45.csproj", "{350980B3-5C57-4F41-B5BF-C5CDD9DFC3FD}"
EndProject
Project("{FAE04EC0-301F-11D3-BF4B-00C04F79EFBC}") = "OwinFramework.Session.Net45", "OwinFramework.Session\OwinFramework.Session.Net45.csproj", "{235ECA8A-09F5-4897-805E-B9D4106749E9}"
EndProject
Global
	GlobalSection(SolutionConfigurationPlatforms) = preSolution
		Debug|Any CPU = Debug|Any CPU
		Release|Any CPU = Release|Any CPU
	EndGlobalSection
	GlobalSection(ProjectConfigurationPlatforms) = postSolution
		{31AA3ECA-763A-429D-933E-B52B1BBAB7A1}.Debug|Any CPU.ActiveCfg = Debug|Any CPU
		{31AA3ECA-763A-429D-933E-B52B1BBAB7A1}.Debug|Any CPU.Build.0 = Debug|Any CPU
		{31AA3ECA-763A-429D-933E-B52B1BBAB7A1}.Release|Any CPU.ActiveCfg = Release|Any CPU
		{31AA3ECA-763A-429D-933E-B52B1BBAB7A1}.Release|Any CPU.Build.0 = Release|Any CPU
		{83474FEB-8DEC-49F1-BB40-833A7DD81932}.Debug|Any CPU.ActiveCfg = Debug|Any CPU
		{83474FEB-8DEC-49F1-BB40-833A7DD81932}.Debug|Any CPU.Build.0 = Debug|Any CPU
		{83474FEB-8DEC-49F1-BB40-833A7DD81932}.Release|Any CPU.ActiveCfg = Release|Any CPU
		{83474FEB-8DEC-49F1-BB40-833A7DD81932}.Release|Any CPU.Build.0 = Release|Any CPU
		{BB10F37C-A3B3-4901-852F-64915BC12A61}.Debug|Any CPU.ActiveCfg = Debug|Any CPU
		{BB10F37C-A3B3-4901-852F-64915BC12A61}.Debug|Any CPU.Build.0 = Debug|Any CPU
		{BB10F37C-A3B3-4901-852F-64915BC12A61}.Release|Any CPU.ActiveCfg = Release|Any CPU
		{BB10F37C-A3B3-4901-852F-64915BC12A61}.Release|Any CPU.Build.0 = Release|Any CPU
		{D50BA415-30F5-40AF-824E-93386F85765D}.Debug|Any CPU.ActiveCfg = Debug|Any CPU
		{D50BA415-30F5-40AF-824E-93386F85765D}.Debug|Any CPU.Build.0 = Debug|Any CPU
		{D50BA415-30F5-40AF-824E-93386F85765D}.Release|Any CPU.ActiveCfg = Release|Any CPU
		{D50BA415-30F5-40AF-824E-93386F85765D}.Release|Any CPU.Build.0 = Release|Any CPU
		{D0D8971B-E05E-4206-9D36-612CD201ABE9}.Debug|Any CPU.ActiveCfg = Debug|Any CPU
		{D0D8971B-E05E-4206-9D36-612CD201ABE9}.Debug|Any CPU.Build.0 = Debug|Any CPU
		{D0D8971B-E05E-4206-9D36-612CD201ABE9}.Release|Any CPU.ActiveCfg = Release|Any CPU
		{D0D8971B-E05E-4206-9D36-612CD201ABE9}.Release|Any CPU.Build.0 = Release|Any CPU
		{5868E1EE-3827-4C66-A267-9B8F69A7D471}.Debug|Any CPU.ActiveCfg = Debug|Any CPU
		{5868E1EE-3827-4C66-A267-9B8F69A7D471}.Debug|Any CPU.Build.0 = Debug|Any CPU
		{5868E1EE-3827-4C66-A267-9B8F69A7D471}.Release|Any CPU.ActiveCfg = Release|Any CPU
		{5868E1EE-3827-4C66-A267-9B8F69A7D471}.Release|Any CPU.Build.0 = Release|Any CPU
		{7AEBA527-28B2-4081-BEF5-32C98316CC90}.Debug|Any CPU.ActiveCfg = Debug|Any CPU
		{7AEBA527-28B2-4081-BEF5-32C98316CC90}.Debug|Any CPU.Build.0 = Debug|Any CPU
		{7AEBA527-28B2-4081-BEF5-32C98316CC90}.Release|Any CPU.ActiveCfg = Release|Any CPU
		{7AEBA527-28B2-4081-BEF5-32C98316CC90}.Release|Any CPU.Build.0 = Release|Any CPU
		{E00F670D-3AE1-41F2-BDFE-98F42FEE537E}.Debug|Any CPU.ActiveCfg = Debug|Any CPU
		{E00F670D-3AE1-41F2-BDFE-98F42FEE537E}.Debug|Any CPU.Build.0 = Debug|Any CPU
		{E00F670D-3AE1-41F2-BDFE-98F42FEE537E}.Release|Any CPU.ActiveCfg = Release|Any CPU
		{E00F670D-3AE1-41F2-BDFE-98F42FEE537E}.Release|Any CPU.Build.0 = Release|Any CPU
		{D7C1CBD8-ADD7-463A-894F-00521EF173E3}.Debug|Any CPU.ActiveCfg = Debug|Any CPU
		{D7C1CBD8-ADD7-463A-894F-00521EF173E3}.Debug|Any CPU.Build.0 = Debug|Any CPU
		{D7C1CBD8-ADD7-463A-894F-00521EF173E3}.Release|Any CPU.ActiveCfg = Release|Any CPU
		{D7C1CBD8-ADD7-463A-894F-00521EF173E3}.Release|Any CPU.Build.0 = Release|Any CPU
		{DFEE722D-6370-40BC-AD4A-821B842B293B}.Debug|Any CPU.ActiveCfg = Debug|Any CPU
		{DFEE722D-6370-40BC-AD4A-821B842B293B}.Debug|Any CPU.Build.0 = Debug|Any CPU
		{DFEE722D-6370-40BC-AD4A-821B842B293B}.Release|Any CPU.ActiveCfg = Release|Any CPU
		{DFEE722D-6370-40BC-AD4A-821B842B293B}.Release|Any CPU.Build.0 = Release|Any CPU
		{48816586-71BB-4BB8-80ED-16839A6B4715}.Debug|Any CPU.ActiveCfg = Debug|Any CPU
		{48816586-71BB-4BB8-80ED-16839A6B4715}.Debug|Any CPU.Build.0 = Debug|Any CPU
		{48816586-71BB-4BB8-80ED-16839A6B4715}.Release|Any CPU.ActiveCfg = Release|Any CPU
		{48816586-71BB-4BB8-80ED-16839A6B4715}.Release|Any CPU.Build.0 = Release|Any CPU
		{EA12D4BB-722E-489C-B5E5-30A7D17E8ACC}.Debug|Any CPU.ActiveCfg = Debug|Any CPU
		{EA12D4BB-722E-489C-B5E5-30A7D17E8ACC}.Debug|Any CPU.Build.0 = Debug|Any CPU
		{EA12D4BB-722E-489C-B5E5-30A7D17E8ACC}.Release|Any CPU.ActiveCfg = Release|Any CPU
		{EA12D4BB-722E-489C-B5E5-30A7D17E8ACC}.Release|Any CPU.Build.0 = Release|Any CPU
		{350980B3-5C57-4F41-B5BF-C5CDD9DFC3FD}.Debug|Any CPU.ActiveCfg = Debug|Any CPU
		{350980B3-5C57-4F41-B5BF-C5CDD9DFC3FD}.Debug|Any CPU.Build.0 = Debug|Any CPU
		{350980B3-5C57-4F41-B5BF-C5CDD9DFC3FD}.Release|Any CPU.ActiveCfg = Release|Any CPU
		{350980B3-5C57-4F41-B5BF-C5CDD9DFC3FD}.Release|Any CPU.Build.0 = Release|Any CPU
		{235ECA8A-09F5-4897-805E-B9D4106749E9}.Debug|Any CPU.ActiveCfg = Debug|Any CPU
		{235ECA8A-09F5-4897-805E-B9D4106749E9}.Debug|Any CPU.Build.0 = Debug|Any CPU
		{235ECA8A-09F5-4897-805E-B9D4106749E9}.Release|Any CPU.ActiveCfg = Release|Any CPU
		{235ECA8A-09F5-4897-805E-B9D4106749E9}.Release|Any CPU.Build.0 = Release|Any CPU
	EndGlobalSection
	GlobalSection(SolutionProperties) = preSolution
		HideSolutionNode = FALSE
	EndGlobalSection
EndGlobal
