
Microsoft Visual Studio Solution File, Format Version 12.00
# Visual Studio 2013
VisualStudioVersion = 12.0.30501.0
MinimumVisualStudioVersion = 10.0.40219.1
Project("{FAE04EC0-301F-11D3-BF4B-00C04F79EFBC}") = "OwinFramework.RouteVisualizer.Net40", "OwinFramework.RouteVisualizer\OwinFramework.RouteVisualizer.Net40.csproj", "{A8A9E53E-AEF1-4597-9D19-2C790BBD1DDB}"
EndProject
Project("{FAE04EC0-301F-11D3-BF4B-00C04F79EFBC}") = "TestServer", "TestServer\TestServer.csproj", "{31AA3ECA-763A-429D-933E-B52B1BBAB7A1}"
EndProject
Project("{FAE04EC0-301F-11D3-BF4B-00C04F79EFBC}") = "OwinFramework.RouteVisualizer.Net45", "OwinFramework.RouteVisualizer\OwinFramework.RouteVisualizer.Net45.csproj", "{83474FEB-8DEC-49F1-BB40-833A7DD81932}"
EndProject
Project("{2150E333-8FDC-42A3-9474-1A3956D46DE8}") = "Solution Items", "Solution Items", "{7E4DEB16-BBB8-46A5-84BC-FCAED244E99D}"
	ProjectSection(SolutionItems) = preProject
		NuGet\Owin.Framework.AnalysisReporter.nuspec = NuGet\Owin.Framework.AnalysisReporter.nuspec
		NuGet\Owin.Framework.Documenter.nuspec = NuGet\Owin.Framework.Documenter.nuspec
		NuGet\Owin.Framework.ExceptionReporter.nuspec = NuGet\Owin.Framework.ExceptionReporter.nuspec
		NuGet\Owin.Framework.RouteVisualizer.nuspec = NuGet\Owin.Framework.RouteVisualizer.nuspec
		readme.md = readme.md
	EndProjectSection
EndProject
Project("{FAE04EC0-301F-11D3-BF4B-00C04F79EFBC}") = "OwinFramework.AnalysisReporter.Net40", "OwinFramework.AnalysisReporter\OwinFramework.AnalysisReporter.Net40.csproj", "{A5787AA0-8C7C-4570-AD4D-E8F093E77434}"
EndProject
Project("{FAE04EC0-301F-11D3-BF4B-00C04F79EFBC}") = "OwinFramework.AnalysisReporter.Net45", "OwinFramework.AnalysisReporter\OwinFramework.AnalysisReporter.Net45.csproj", "{BB10F37C-A3B3-4901-852F-64915BC12A61}"
EndProject
Project("{FAE04EC0-301F-11D3-BF4B-00C04F79EFBC}") = "OwinFramework.Documenter.Net40", "OwinFramework.Documenter\OwinFramework.Documenter.Net40.csproj", "{E62FAA03-58E9-4AE7-9634-9D880FD17C3D}"
EndProject
Project("{FAE04EC0-301F-11D3-BF4B-00C04F79EFBC}") = "OwinFramework.Documenter.Net45", "OwinFramework.Documenter\OwinFramework.Documenter.Net45.csproj", "{D50BA415-30F5-40AF-824E-93386F85765D}"
EndProject
Project("{FAE04EC0-301F-11D3-BF4B-00C04F79EFBC}") = "OwinFramework.ExceptionReporter.Net40", "OwinFramework.ExceptionReporter\OwinFramework.ExceptionReporter.Net40.csproj", "{4048AC96-81ED-438B-A42B-A56246B96262}"
EndProject
Project("{FAE04EC0-301F-11D3-BF4B-00C04F79EFBC}") = "OwinFramework.ExceptionReporter.Net45", "OwinFramework.ExceptionReporter\OwinFramework.ExceptionReporter.Net45.csproj", "{D0D8971B-E05E-4206-9D36-612CD201ABE9}"
EndProject
Project("{FAE04EC0-301F-11D3-BF4B-00C04F79EFBC}") = "OwinFramework.StaticFiles", "OwinFramework.StaticFiles\OwinFramework.StaticFiles.csproj", "{DD5CE544-F99C-4C29-B14D-87BE4003AA62}"
EndProject
Global
	GlobalSection(SolutionConfigurationPlatforms) = preSolution
		Debug|Any CPU = Debug|Any CPU
		Release|Any CPU = Release|Any CPU
	EndGlobalSection
	GlobalSection(ProjectConfigurationPlatforms) = postSolution
		{A8A9E53E-AEF1-4597-9D19-2C790BBD1DDB}.Debug|Any CPU.ActiveCfg = Debug|Any CPU
		{A8A9E53E-AEF1-4597-9D19-2C790BBD1DDB}.Debug|Any CPU.Build.0 = Debug|Any CPU
		{A8A9E53E-AEF1-4597-9D19-2C790BBD1DDB}.Release|Any CPU.ActiveCfg = Release|Any CPU
		{A8A9E53E-AEF1-4597-9D19-2C790BBD1DDB}.Release|Any CPU.Build.0 = Release|Any CPU
		{31AA3ECA-763A-429D-933E-B52B1BBAB7A1}.Debug|Any CPU.ActiveCfg = Debug|Any CPU
		{31AA3ECA-763A-429D-933E-B52B1BBAB7A1}.Debug|Any CPU.Build.0 = Debug|Any CPU
		{31AA3ECA-763A-429D-933E-B52B1BBAB7A1}.Release|Any CPU.ActiveCfg = Release|Any CPU
		{31AA3ECA-763A-429D-933E-B52B1BBAB7A1}.Release|Any CPU.Build.0 = Release|Any CPU
		{83474FEB-8DEC-49F1-BB40-833A7DD81932}.Debug|Any CPU.ActiveCfg = Debug|Any CPU
		{83474FEB-8DEC-49F1-BB40-833A7DD81932}.Debug|Any CPU.Build.0 = Debug|Any CPU
		{83474FEB-8DEC-49F1-BB40-833A7DD81932}.Release|Any CPU.ActiveCfg = Release|Any CPU
		{83474FEB-8DEC-49F1-BB40-833A7DD81932}.Release|Any CPU.Build.0 = Release|Any CPU
		{A5787AA0-8C7C-4570-AD4D-E8F093E77434}.Debug|Any CPU.ActiveCfg = Debug|Any CPU
		{A5787AA0-8C7C-4570-AD4D-E8F093E77434}.Debug|Any CPU.Build.0 = Debug|Any CPU
		{A5787AA0-8C7C-4570-AD4D-E8F093E77434}.Release|Any CPU.ActiveCfg = Release|Any CPU
		{A5787AA0-8C7C-4570-AD4D-E8F093E77434}.Release|Any CPU.Build.0 = Release|Any CPU
		{BB10F37C-A3B3-4901-852F-64915BC12A61}.Debug|Any CPU.ActiveCfg = Debug|Any CPU
		{BB10F37C-A3B3-4901-852F-64915BC12A61}.Debug|Any CPU.Build.0 = Debug|Any CPU
		{BB10F37C-A3B3-4901-852F-64915BC12A61}.Release|Any CPU.ActiveCfg = Release|Any CPU
		{BB10F37C-A3B3-4901-852F-64915BC12A61}.Release|Any CPU.Build.0 = Release|Any CPU
		{E62FAA03-58E9-4AE7-9634-9D880FD17C3D}.Debug|Any CPU.ActiveCfg = Debug|Any CPU
		{E62FAA03-58E9-4AE7-9634-9D880FD17C3D}.Debug|Any CPU.Build.0 = Debug|Any CPU
		{E62FAA03-58E9-4AE7-9634-9D880FD17C3D}.Release|Any CPU.ActiveCfg = Release|Any CPU
		{E62FAA03-58E9-4AE7-9634-9D880FD17C3D}.Release|Any CPU.Build.0 = Release|Any CPU
		{D50BA415-30F5-40AF-824E-93386F85765D}.Debug|Any CPU.ActiveCfg = Debug|Any CPU
		{D50BA415-30F5-40AF-824E-93386F85765D}.Debug|Any CPU.Build.0 = Debug|Any CPU
		{D50BA415-30F5-40AF-824E-93386F85765D}.Release|Any CPU.ActiveCfg = Release|Any CPU
		{D50BA415-30F5-40AF-824E-93386F85765D}.Release|Any CPU.Build.0 = Release|Any CPU
		{4048AC96-81ED-438B-A42B-A56246B96262}.Debug|Any CPU.ActiveCfg = Debug|Any CPU
		{4048AC96-81ED-438B-A42B-A56246B96262}.Debug|Any CPU.Build.0 = Debug|Any CPU
		{4048AC96-81ED-438B-A42B-A56246B96262}.Release|Any CPU.ActiveCfg = Release|Any CPU
		{4048AC96-81ED-438B-A42B-A56246B96262}.Release|Any CPU.Build.0 = Release|Any CPU
		{D0D8971B-E05E-4206-9D36-612CD201ABE9}.Debug|Any CPU.ActiveCfg = Debug|Any CPU
		{D0D8971B-E05E-4206-9D36-612CD201ABE9}.Debug|Any CPU.Build.0 = Debug|Any CPU
		{D0D8971B-E05E-4206-9D36-612CD201ABE9}.Release|Any CPU.ActiveCfg = Release|Any CPU
		{D0D8971B-E05E-4206-9D36-612CD201ABE9}.Release|Any CPU.Build.0 = Release|Any CPU
		{DD5CE544-F99C-4C29-B14D-87BE4003AA62}.Debug|Any CPU.ActiveCfg = Debug|Any CPU
		{DD5CE544-F99C-4C29-B14D-87BE4003AA62}.Debug|Any CPU.Build.0 = Debug|Any CPU
		{DD5CE544-F99C-4C29-B14D-87BE4003AA62}.Release|Any CPU.ActiveCfg = Release|Any CPU
		{DD5CE544-F99C-4C29-B14D-87BE4003AA62}.Release|Any CPU.Build.0 = Release|Any CPU
	EndGlobalSection
	GlobalSection(SolutionProperties) = preSolution
		HideSolutionNode = FALSE
	EndGlobalSection
EndGlobal
